{
  "name": "chrome-devtools-frontend",
  "requires": true,
  "lockfileVersion": 1,
  "dependencies": {
    "gn": {
      "version": "3.0.0",
      "resolved": "https://registry.npmjs.org/gn/-/gn-3.0.0.tgz",
      "integrity": "sha512-6TLuBGYiOyScj9HdRfos2WF0kq4logl3QLWFyREqhd8aTh6ieF0o1ES+hIyMffm9cKZVBWbrwIJsOMzQRY4XAQ=="
    }
  }
}
